
Microsoft Visual Studio Solution File, Format Version 12.00
# Visual Studio 15
VisualStudioVersion = 15.0.26124.0
MinimumVisualStudioVersion = 15.0.26124.0
Project("{FAE04EC0-301F-11D3-BF4B-00C04F79EFBC}") = "ShapeWorld.Client", "ShapeWorld.Client\ShapeWorld.Client.csproj", "{5804030D-10E9-419B-B787-C648D36CCD05}"
EndProject
Project("{FAE04EC0-301F-11D3-BF4B-00C04F79EFBC}") = "ShapeWorld.Domain", "ShapeWorld.Domain\ShapeWorld.Domain.csproj", "{EA1D9CCC-33C6-4075-8D74-8225DBA18BA7}"
EndProject
Global
	GlobalSection(SolutionConfigurationPlatforms) = preSolution
		Debug|Any CPU = Debug|Any CPU
		Debug|x64 = Debug|x64
		Debug|x86 = Debug|x86
		Release|Any CPU = Release|Any CPU
		Release|x64 = Release|x64
		Release|x86 = Release|x86
	EndGlobalSection
	GlobalSection(SolutionProperties) = preSolution
		HideSolutionNode = FALSE
	EndGlobalSection
	GlobalSection(ProjectConfigurationPlatforms) = postSolution
		{5804030D-10E9-419B-B787-C648D36CCD05}.Debug|Any CPU.ActiveCfg = Debug|Any CPU
		{5804030D-10E9-419B-B787-C648D36CCD05}.Debug|Any CPU.Build.0 = Debug|Any CPU
		{5804030D-10E9-419B-B787-C648D36CCD05}.Debug|x64.ActiveCfg = Debug|Any CPU
		{5804030D-10E9-419B-B787-C648D36CCD05}.Debug|x64.Build.0 = Debug|Any CPU
		{5804030D-10E9-419B-B787-C648D36CCD05}.Debug|x86.ActiveCfg = Debug|Any CPU
		{5804030D-10E9-419B-B787-C648D36CCD05}.Debug|x86.Build.0 = Debug|Any CPU
		{5804030D-10E9-419B-B787-C648D36CCD05}.Release|Any CPU.ActiveCfg = Release|Any CPU
		{5804030D-10E9-419B-B787-C648D36CCD05}.Release|Any CPU.Build.0 = Release|Any CPU
		{5804030D-10E9-419B-B787-C648D36CCD05}.Release|x64.ActiveCfg = Release|Any CPU
		{5804030D-10E9-419B-B787-C648D36CCD05}.Release|x64.Build.0 = Release|Any CPU
		{5804030D-10E9-419B-B787-C648D36CCD05}.Release|x86.ActiveCfg = Release|Any CPU
		{5804030D-10E9-419B-B787-C648D36CCD05}.Release|x86.Build.0 = Release|Any CPU
		{EA1D9CCC-33C6-4075-8D74-8225DBA18BA7}.Debug|Any CPU.ActiveCfg = Debug|Any CPU
		{EA1D9CCC-33C6-4075-8D74-8225DBA18BA7}.Debug|Any CPU.Build.0 = Debug|Any CPU
		{EA1D9CCC-33C6-4075-8D74-8225DBA18BA7}.Debug|x64.ActiveCfg = Debug|Any CPU
		{EA1D9CCC-33C6-4075-8D74-8225DBA18BA7}.Debug|x64.Build.0 = Debug|Any CPU
		{EA1D9CCC-33C6-4075-8D74-8225DBA18BA7}.Debug|x86.ActiveCfg = Debug|Any CPU
		{EA1D9CCC-33C6-4075-8D74-8225DBA18BA7}.Debug|x86.Build.0 = Debug|Any CPU
		{EA1D9CCC-33C6-4075-8D74-8225DBA18BA7}.Release|Any CPU.ActiveCfg = Release|Any CPU
		{EA1D9CCC-33C6-4075-8D74-8225DBA18BA7}.Release|Any CPU.Build.0 = Release|Any CPU
		{EA1D9CCC-33C6-4075-8D74-8225DBA18BA7}.Release|x64.ActiveCfg = Release|Any CPU
		{EA1D9CCC-33C6-4075-8D74-8225DBA18BA7}.Release|x64.Build.0 = Release|Any CPU
		{EA1D9CCC-33C6-4075-8D74-8225DBA18BA7}.Release|x86.ActiveCfg = Release|Any CPU
		{EA1D9CCC-33C6-4075-8D74-8225DBA18BA7}.Release|x86.Build.0 = Release|Any CPU
	EndGlobalSection
EndGlobal
